// !$*UTF8*$!
{
	archiveVersion = 1;
	classes = {
	};
	objectVersion = 77;
	objects = {

/* Begin PBXBuildFile section */
		A10000000000000000000001 /* SpeakPasteApp.swift in Sources */ = {isa = PBXBuildFile; fileRef = A20000000000000000000001 /* SpeakPasteApp.swift */; };
		A10000000000000000000002 /* TranscriptionModels.swift in Sources */ = {isa = PBXBuildFile; fileRef = A20000000000000000000002 /* TranscriptionModels.swift */; };
		A10000000000000000000003 /* ElevenLabsClient.swift in Sources */ = {isa = PBXBuildFile; fileRef = A20000000000000000000003 /* ElevenLabsClient.swift */; };
		A10000000000000000000004 /* AudioRecorder.swift in Sources */ = {isa = PBXBuildFile; fileRef = A20000000000000000000004 /* AudioRecorder.swift */; };
		A10000000000000000000005 /* KeychainStore.swift in Sources */ = {isa = PBXBuildFile; fileRef = A20000000000000000000005 /* KeychainStore.swift */; };
		A10000000000000000000006 /* HistoryStore.swift in Sources */ = {isa = PBXBuildFile; fileRef = A20000000000000000000006 /* HistoryStore.swift */; };
		A10000000000000000000090 /* DictationEngine.swift in Sources */ = {isa = PBXBuildFile; fileRef = A20000000000000000000090 /* DictationEngine.swift */; };
		A10000000000000000000091 /* DictationIntents.swift in Sources */ = {isa = PBXBuildFile; fileRef = A20000000000000000000091 /* DictationIntents.swift */; };
		A10000000000000000000007 /* AppModel.swift in Sources */ = {isa = PBXBuildFile; fileRef = A20000000000000000000007 /* AppModel.swift */; };
		A10000000000000000000008 /* ContentView.swift in Sources */ = {isa = PBXBuildFile; fileRef = A20000000000000000000008 /* ContentView.swift */; };
		A10000000000000000000009 /* SettingsView.swift in Sources */ = {isa = PBXBuildFile; fileRef = A20000000000000000000009 /* SettingsView.swift */; };
		A1000000000000000000000A /* HistoryView.swift in Sources */ = {isa = PBXBuildFile; fileRef = A2000000000000000000000A /* HistoryView.swift */; };
		A1000000000000000000000B /* Assets.xcassets in Resources */ = {isa = PBXBuildFile; fileRef = A2000000000000000000000B /* Assets.xcassets */; };
		A1000000000000000000000C /* ElevenLabsClientTests.swift in Sources */ = {isa = PBXBuildFile; fileRef = A2000000000000000000000C /* ElevenLabsClientTests.swift */; };
		A1000000000000000000000D /* HistoryStoreTests.swift in Sources */ = {isa = PBXBuildFile; fileRef = A2000000000000000000000D /* HistoryStoreTests.swift */; };
		A10000000000000000000092 /* RecordingJournalTests.swift in Sources */ = {isa = PBXBuildFile; fileRef = A20000000000000000000092 /* RecordingJournalTests.swift */; };
		A1000000000000000000000E /* XCTest.framework in Frameworks */ = {isa = PBXBuildFile; fileRef = A20000000000000000000010 /* XCTest.framework */; };
		C10000000000000000000001 /* SharedDictation.swift in Sources */ = {isa = PBXBuildFile; fileRef = C20000000000000000000001 /* SharedDictation.swift */; };
		C10000000000000000000002 /* HostAppSwitcher.swift in Sources */ = {isa = PBXBuildFile; fileRef = C20000000000000000000002 /* HostAppSwitcher.swift */; };
		C10000000000000000000003 /* KeyboardViewController.swift in Sources */ = {isa = PBXBuildFile; fileRef = C20000000000000000000003 /* KeyboardViewController.swift */; };
		C10000000000000000000004 /* KeyboardModel.swift in Sources */ = {isa = PBXBuildFile; fileRef = C20000000000000000000004 /* KeyboardModel.swift */; };
		C10000000000000000000005 /* HostApplicationResolver.swift in Sources */ = {isa = PBXBuildFile; fileRef = C20000000000000000000005 /* HostApplicationResolver.swift */; };
		C10000000000000000000006 /* KeyboardView.swift in Sources */ = {isa = PBXBuildFile; fileRef = C20000000000000000000006 /* KeyboardView.swift */; };
		C10000000000000000000007 /* SharedDictation.swift in Sources */ = {isa = PBXBuildFile; fileRef = C20000000000000000000001 /* SharedDictation.swift */; };
		C10000000000000000000008 /* SpeakPasteKeyboard.appex in Embed App Extensions */ = {isa = PBXBuildFile; fileRef = C2000000000000000000000A /* SpeakPasteKeyboard.appex */; settings = {ATTRIBUTES = (RemoveHeadersOnCopy, ); }; };
		C1000000000000000000000B /* SharedDictationStoreTests.swift in Sources */ = {isa = PBXBuildFile; fileRef = C2000000000000000000000B /* SharedDictationStoreTests.swift */; };
		F10000000000000000000001 /* HostApplicationCapture.m in Sources */ = {isa = PBXBuildFile; fileRef = F20000000000000000000001 /* HostApplicationCapture.m */; };
		D10000000000000000000001 /* SpeakPasteMacApp.swift in Sources */ = {isa = PBXBuildFile; fileRef = D20000000000000000000001 /* SpeakPasteMacApp.swift */; };
		D10000000000000000000002 /* MacContentView.swift in Sources */ = {isa = PBXBuildFile; fileRef = D20000000000000000000002 /* MacContentView.swift */; };
		D10000000000000000000003 /* MacAppModel.swift in Sources */ = {isa = PBXBuildFile; fileRef = D20000000000000000000003 /* MacAppModel.swift */; };
		D10000000000000000000004 /* MacAudioDevice.swift in Sources */ = {isa = PBXBuildFile; fileRef = D20000000000000000000004 /* MacAudioDevice.swift */; };
		D10000000000000000000005 /* MacAudioRecorder.swift in Sources */ = {isa = PBXBuildFile; fileRef = D20000000000000000000005 /* MacAudioRecorder.swift */; };
		D10000000000000000000006 /* MacGlobalHotKey.swift in Sources */ = {isa = PBXBuildFile; fileRef = D20000000000000000000006 /* MacGlobalHotKey.swift */; };
		D1000000000000000000000E /* MacDeliveryTarget.swift in Sources */ = {isa = PBXBuildFile; fileRef = D2000000000000000000000E /* MacDeliveryTarget.swift */; };
		D1000000000000000000000F /* MacKeyboardLayout.swift in Sources */ = {isa = PBXBuildFile; fileRef = D20000000000000000000031 /* MacKeyboardLayout.swift */; };
		D10000000000000000000040 /* MacVocabularyStore.swift in Sources */ = {isa = PBXBuildFile; fileRef = D20000000000000000000040 /* MacVocabularyStore.swift */; };
		D10000000000000000000041 /* MacHistoryStore.swift in Sources */ = {isa = PBXBuildFile; fileRef = D20000000000000000000041 /* MacHistoryStore.swift */; };
		D10000000000000000000042 /* MacSoundEffects.swift in Sources */ = {isa = PBXBuildFile; fileRef = D20000000000000000000042 /* MacSoundEffects.swift */; };
		D10000000000000000000043 /* MacPermissions.swift in Sources */ = {isa = PBXBuildFile; fileRef = D20000000000000000000043 /* MacPermissions.swift */; };
		D10000000000000000000044 /* MacTranscriptPostProcessor.swift in Sources */ = {isa = PBXBuildFile; fileRef = D20000000000000000000044 /* MacTranscriptPostProcessor.swift */; };
		D10000000000000000000045 /* MacSettingsView.swift in Sources */ = {isa = PBXBuildFile; fileRef = D20000000000000000000045 /* MacSettingsView.swift */; };
		D10000000000000000000046 /* MacDeliveryPolicyStore.swift in Sources */ = {isa = PBXBuildFile; fileRef = D20000000000000000000046 /* MacDeliveryPolicyStore.swift */; };
		D10000000000000000000047 /* MacPendingTranscriptStore.swift in Sources */ = {isa = PBXBuildFile; fileRef = D20000000000000000000047 /* MacPendingTranscriptStore.swift */; };
		D10000000000000000000048 /* MacDiagnostics.swift in Sources */ = {isa = PBXBuildFile; fileRef = D20000000000000000000048 /* MacDiagnostics.swift */; };
		D10000000000000000000049 /* MacPendingAudioStore.swift in Sources */ = {isa = PBXBuildFile; fileRef = D20000000000000000000049 /* MacPendingAudioStore.swift */; };
		D10000000000000000000050 /* MacPasteVerification.swift in Sources */ = {isa = PBXBuildFile; fileRef = D20000000000000000000050 /* MacPasteVerification.swift */; };
		F10000000000000000000101 /* MacActiveCaptureRecovery.swift in Sources */ = {isa = PBXBuildFile; fileRef = F20000000000000000000101 /* MacActiveCaptureRecovery.swift */; };
		H10000000000000000000301 /* MacSingleInstanceLease.swift in Sources */ = {isa = PBXBuildFile; fileRef = H20000000000000000000301 /* MacSingleInstanceLease.swift */; };
		D10000000000000000000007 /* MacPasteController.swift in Sources */ = {isa = PBXBuildFile; fileRef = D20000000000000000000007 /* MacPasteController.swift */; };
		D10000000000000000000008 /* MacReliabilityStore.swift in Sources */ = {isa = PBXBuildFile; fileRef = D20000000000000000000008 /* MacReliabilityStore.swift */; };
		D10000000000000000000009 /* TranscriptionModels.swift in Sources */ = {isa = PBXBuildFile; fileRef = A20000000000000000000002 /* TranscriptionModels.swift */; };
		D1000000000000000000000A /* ElevenLabsClient.swift in Sources */ = {isa = PBXBuildFile; fileRef = A20000000000000000000003 /* ElevenLabsClient.swift */; };
		D1000000000000000000000B /* KeychainStore.swift in Sources */ = {isa = PBXBuildFile; fileRef = A20000000000000000000005 /* KeychainStore.swift */; };
		D1000000000000000000000C /* Assets.xcassets in Resources */ = {isa = PBXBuildFile; fileRef = A2000000000000000000000B /* Assets.xcassets */; };
		D1000000000000000000000D /* MacStatusHUD.swift in Sources */ = {isa = PBXBuildFile; fileRef = D20000000000000000000009 /* MacStatusHUD.swift */; };
		D10000000000000000000051 /* MacCommandGesture.swift in Sources */ = {isa = PBXBuildFile; fileRef = D20000000000000000000051 /* MacCommandGesture.swift */; };
		D10000000000000000000052 /* MacInputMode.swift in Sources */ = {isa = PBXBuildFile; fileRef = D20000000000000000000052 /* MacInputMode.swift */; };
		E10000000000000000000001 /* DictationActivityAttributes.swift in Sources */ = {isa = PBXBuildFile; fileRef = E20000000000000000000001 /* DictationActivityAttributes.swift */; };
		E10000000000000000000002 /* DictationLiveActivity.swift in Sources */ = {isa = PBXBuildFile; fileRef = E20000000000000000000002 /* DictationLiveActivity.swift */; };
		E10000000000000000000003 /* DictationActivityAttributes.swift in Sources */ = {isa = PBXBuildFile; fileRef = E20000000000000000000001 /* DictationActivityAttributes.swift */; };
		E10000000000000000000004 /* SpeakPasteLiveActivityWidget.swift in Sources */ = {isa = PBXBuildFile; fileRef = E20000000000000000000003 /* SpeakPasteLiveActivityWidget.swift */; };
		E10000000000000000000005 /* SpeakPasteLiveActivity.appex in Embed App Extensions */ = {isa = PBXBuildFile; fileRef = E20000000000000000000005 /* SpeakPasteLiveActivity.appex */; settings = {ATTRIBUTES = (RemoveHeadersOnCopy, ); }; };
/* End PBXBuildFile section */

/* Begin PBXContainerItemProxy section */
		A30000000000000000000001 /* PBXContainerItemProxy */ = {
			isa = PBXContainerItemProxy;
			containerPortal = A90000000000000000000001 /* Project object */;
			proxyType = 1;
			remoteGlobalIDString = A70000000000000000000001;
			remoteInfo = SpeakPaste;
		};
		C30000000000000000000001 /* PBXContainerItemProxy */ = {
			isa = PBXContainerItemProxy;
			containerPortal = A90000000000000000000001 /* Project object */;
			proxyType = 1;
			remoteGlobalIDString = C70000000000000000000001;
			remoteInfo = SpeakPasteKeyboard;
		};
		E30000000000000000000001 /* PBXContainerItemProxy */ = {
			isa = PBXContainerItemProxy;
			containerPortal = A90000000000000000000001 /* Project object */;
			proxyType = 1;
			remoteGlobalIDString = E70000000000000000000001;
			remoteInfo = SpeakPasteLiveActivity;
		};
/* End PBXContainerItemProxy section */

/* Begin PBXCopyFilesBuildPhase section */
		C40000000000000000000001 /* Embed App Extensions */ = {
			isa = PBXCopyFilesBuildPhase;
			buildActionMask = 2147483647;
			dstPath = "";
			dstSubfolderSpec = 13;
			files = (C10000000000000000000008 /* SpeakPasteKeyboard.appex in Embed App Extensions */, E10000000000000000000005 /* SpeakPasteLiveActivity.appex in Embed App Extensions */, );
			name = "Embed App Extensions";
			runOnlyForDeploymentPostprocessing = 0;
		};
/* End PBXCopyFilesBuildPhase section */

/* Begin PBXFileReference section */
		A20000000000000000000001 /* SpeakPasteApp.swift */ = {isa = PBXFileReference; lastKnownFileType = sourcecode.swift; path = SpeakPasteApp.swift; sourceTree = "<group>"; };
		A20000000000000000000002 /* TranscriptionModels.swift */ = {isa = PBXFileReference; lastKnownFileType = sourcecode.swift; path = TranscriptionModels.swift; sourceTree = "<group>"; };
		A20000000000000000000003 /* ElevenLabsClient.swift */ = {isa = PBXFileReference; lastKnownFileType = sourcecode.swift; path = ElevenLabsClient.swift; sourceTree = "<group>"; };
		A20000000000000000000004 /* AudioRecorder.swift */ = {isa = PBXFileReference; lastKnownFileType = sourcecode.swift; path = AudioRecorder.swift; sourceTree = "<group>"; };
		A20000000000000000000005 /* KeychainStore.swift */ = {isa = PBXFileReference; lastKnownFileType = sourcecode.swift; path = KeychainStore.swift; sourceTree = "<group>"; };
		A20000000000000000000006 /* HistoryStore.swift */ = {isa = PBXFileReference; lastKnownFileType = sourcecode.swift; path = HistoryStore.swift; sourceTree = "<group>"; };
		A20000000000000000000090 /* DictationEngine.swift */ = {isa = PBXFileReference; lastKnownFileType = sourcecode.swift; path = DictationEngine.swift; sourceTree = "<group>"; };
		A20000000000000000000091 /* DictationIntents.swift */ = {isa = PBXFileReference; lastKnownFileType = sourcecode.swift; path = DictationIntents.swift; sourceTree = "<group>"; };
		A20000000000000000000007 /* AppModel.swift */ = {isa = PBXFileReference; lastKnownFileType = sourcecode.swift; path = AppModel.swift; sourceTree = "<group>"; };
		A20000000000000000000008 /* ContentView.swift */ = {isa = PBXFileReference; lastKnownFileType = sourcecode.swift; path = ContentView.swift; sourceTree = "<group>"; };
		A20000000000000000000009 /* SettingsView.swift */ = {isa = PBXFileReference; lastKnownFileType = sourcecode.swift; path = SettingsView.swift; sourceTree = "<group>"; };
		A2000000000000000000000A /* HistoryView.swift */ = {isa = PBXFileReference; lastKnownFileType = sourcecode.swift; path = HistoryView.swift; sourceTree = "<group>"; };
		A2000000000000000000000B /* Assets.xcassets */ = {isa = PBXFileReference; lastKnownFileType = folder.assetcatalog; path = Assets.xcassets; sourceTree = "<group>"; };
		A2000000000000000000000C /* ElevenLabsClientTests.swift */ = {isa = PBXFileReference; lastKnownFileType = sourcecode.swift; path = ElevenLabsClientTests.swift; sourceTree = "<group>"; };
		A2000000000000000000000D /* HistoryStoreTests.swift */ = {isa = PBXFileReference; lastKnownFileType = sourcecode.swift; path = HistoryStoreTests.swift; sourceTree = "<group>"; };
		A20000000000000000000092 /* RecordingJournalTests.swift */ = {isa = PBXFileReference; lastKnownFileType = sourcecode.swift; path = RecordingJournalTests.swift; sourceTree = "<group>"; };
		A2000000000000000000000E /* Info.plist */ = {isa = PBXFileReference; lastKnownFileType = text.plist.xml; path = Info.plist; sourceTree = "<group>"; };
		A2000000000000000000000F /* SpeakPaste.app */ = {isa = PBXFileReference; explicitFileType = wrapper.application; includeInIndex = 0; path = SpeakPaste.app; sourceTree = BUILT_PRODUCTS_DIR; };
		A20000000000000000000010 /* XCTest.framework */ = {isa = PBXFileReference; lastKnownFileType = wrapper.framework; name = XCTest.framework; path = System/Library/Frameworks/XCTest.framework; sourceTree = SDKROOT; };
		A20000000000000000000011 /* SpeakPasteTests.xctest */ = {isa = PBXFileReference; explicitFileType = wrapper.cfbundle; includeInIndex = 0; path = SpeakPasteTests.xctest; sourceTree = BUILT_PRODUCTS_DIR; };
		C20000000000000000000001 /* SharedDictation.swift */ = {isa = PBXFileReference; lastKnownFileType = sourcecode.swift; path = SharedDictation.swift; sourceTree = "<group>"; };
		C20000000000000000000002 /* HostAppSwitcher.swift */ = {isa = PBXFileReference; lastKnownFileType = sourcecode.swift; path = HostAppSwitcher.swift; sourceTree = "<group>"; };
		C20000000000000000000003 /* KeyboardViewController.swift */ = {isa = PBXFileReference; lastKnownFileType = sourcecode.swift; path = KeyboardViewController.swift; sourceTree = "<group>"; };
		C20000000000000000000004 /* KeyboardModel.swift */ = {isa = PBXFileReference; lastKnownFileType = sourcecode.swift; path = KeyboardModel.swift; sourceTree = "<group>"; };
		C20000000000000000000005 /* HostApplicationResolver.swift */ = {isa = PBXFileReference; lastKnownFileType = sourcecode.swift; path = HostApplicationResolver.swift; sourceTree = "<group>"; };
		C20000000000000000000006 /* KeyboardView.swift */ = {isa = PBXFileReference; lastKnownFileType = sourcecode.swift; path = KeyboardView.swift; sourceTree = "<group>"; };
		C20000000000000000000007 /* Info.plist */ = {isa = PBXFileReference; lastKnownFileType = text.plist.xml; path = Info.plist; sourceTree = "<group>"; };
		C20000000000000000000008 /* SpeakPasteKeyboard.entitlements */ = {isa = PBXFileReference; lastKnownFileType = text.plist.entitlements; path = SpeakPasteKeyboard.entitlements; sourceTree = "<group>"; };
		C20000000000000000000009 /* SpeakPaste.entitlements */ = {isa = PBXFileReference; lastKnownFileType = text.plist.entitlements; path = SpeakPaste.entitlements; sourceTree = "<group>"; };
		C2000000000000000000000A /* SpeakPasteKeyboard.appex */ = {isa = PBXFileReference; explicitFileType = "wrapper.app-extension"; includeInIndex = 0; path = SpeakPasteKeyboard.appex; sourceTree = BUILT_PRODUCTS_DIR; };
		C2000000000000000000000B /* SharedDictationStoreTests.swift */ = {isa = PBXFileReference; lastKnownFileType = sourcecode.swift; path = SharedDictationStoreTests.swift; sourceTree = "<group>"; };
		F20000000000000000000001 /* HostApplicationCapture.m */ = {isa = PBXFileReference; lastKnownFileType = sourcecode.c.objc; path = HostApplicationCapture.m; sourceTree = "<group>"; };
		F20000000000000000000002 /* HostApplicationCapture.h */ = {isa = PBXFileReference; lastKnownFileType = sourcecode.c.h; path = HostApplicationCapture.h; sourceTree = "<group>"; };
		F20000000000000000000003 /* SpeakPasteKeyboard-Bridging-Header.h */ = {isa = PBXFileReference; lastKnownFileType = sourcecode.c.h; path = "SpeakPasteKeyboard-Bridging-Header.h"; sourceTree = "<group>"; };
		F20000000000000000000004 /* THIRD_PARTY_NOTICES.md */ = {isa = PBXFileReference; lastKnownFileType = net.daringfireball.markdown; path = THIRD_PARTY_NOTICES.md; sourceTree = "<group>"; };
		D20000000000000000000001 /* SpeakPasteMacApp.swift */ = {isa = PBXFileReference; lastKnownFileType = sourcecode.swift; path = SpeakPasteMacApp.swift; sourceTree = "<group>"; };
		D20000000000000000000002 /* MacContentView.swift */ = {isa = PBXFileReference; lastKnownFileType = sourcecode.swift; path = MacContentView.swift; sourceTree = "<group>"; };
		D20000000000000000000003 /* MacAppModel.swift */ = {isa = PBXFileReference; lastKnownFileType = sourcecode.swift; path = MacAppModel.swift; sourceTree = "<group>"; };
		D20000000000000000000004 /* MacAudioDevice.swift */ = {isa = PBXFileReference; lastKnownFileType = sourcecode.swift; path = MacAudioDevice.swift; sourceTree = "<group>"; };
		D20000000000000000000005 /* MacAudioRecorder.swift */ = {isa = PBXFileReference; lastKnownFileType = sourcecode.swift; path = MacAudioRecorder.swift; sourceTree = "<group>"; };
		D20000000000000000000006 /* MacGlobalHotKey.swift */ = {isa = PBXFileReference; lastKnownFileType = sourcecode.swift; path = MacGlobalHotKey.swift; sourceTree = "<group>"; };
		D2000000000000000000000E /* MacDeliveryTarget.swift */ = {isa = PBXFileReference; lastKnownFileType = sourcecode.swift; path = MacDeliveryTarget.swift; sourceTree = "<group>"; };
		D20000000000000000000031 /* MacKeyboardLayout.swift */ = {isa = PBXFileReference; lastKnownFileType = sourcecode.swift; path = MacKeyboardLayout.swift; sourceTree = "<group>"; };
		D20000000000000000000040 /* MacVocabularyStore.swift */ = {isa = PBXFileReference; lastKnownFileType = sourcecode.swift; path = MacVocabularyStore.swift; sourceTree = "<group>"; };
		D20000000000000000000041 /* MacHistoryStore.swift */ = {isa = PBXFileReference; lastKnownFileType = sourcecode.swift; path = MacHistoryStore.swift; sourceTree = "<group>"; };
		D20000000000000000000042 /* MacSoundEffects.swift */ = {isa = PBXFileReference; lastKnownFileType = sourcecode.swift; path = MacSoundEffects.swift; sourceTree = "<group>"; };
		D20000000000000000000043 /* MacPermissions.swift */ = {isa = PBXFileReference; lastKnownFileType = sourcecode.swift; path = MacPermissions.swift; sourceTree = "<group>"; };
		D20000000000000000000044 /* MacTranscriptPostProcessor.swift */ = {isa = PBXFileReference; lastKnownFileType = sourcecode.swift; path = MacTranscriptPostProcessor.swift; sourceTree = "<group>"; };
		D20000000000000000000045 /* MacSettingsView.swift */ = {isa = PBXFileReference; lastKnownFileType = sourcecode.swift; path = MacSettingsView.swift; sourceTree = "<group>"; };
		D20000000000000000000046 /* MacDeliveryPolicyStore.swift */ = {isa = PBXFileReference; lastKnownFileType = sourcecode.swift; path = MacDeliveryPolicyStore.swift; sourceTree = "<group>"; };
		D20000000000000000000047 /* MacPendingTranscriptStore.swift */ = {isa = PBXFileReference; lastKnownFileType = sourcecode.swift; path = MacPendingTranscriptStore.swift; sourceTree = "<group>"; };
		D20000000000000000000048 /* MacDiagnostics.swift */ = {isa = PBXFileReference; lastKnownFileType = sourcecode.swift; path = MacDiagnostics.swift; sourceTree = "<group>"; };
		D20000000000000000000049 /* MacPendingAudioStore.swift */ = {isa = PBXFileReference; lastKnownFileType = sourcecode.swift; path = MacPendingAudioStore.swift; sourceTree = "<group>"; };
		D20000000000000000000050 /* MacPasteVerification.swift */ = {isa = PBXFileReference; lastKnownFileType = sourcecode.swift; path = MacPasteVerification.swift; sourceTree = "<group>"; };
		F20000000000000000000101 /* MacActiveCaptureRecovery.swift */ = {isa = PBXFileReference; lastKnownFileType = sourcecode.swift; path = MacActiveCaptureRecovery.swift; sourceTree = "<group>"; };
		H20000000000000000000301 /* MacSingleInstanceLease.swift */ = {isa = PBXFileReference; lastKnownFileType = sourcecode.swift; path = MacSingleInstanceLease.swift; sourceTree = "<group>"; };
		D20000000000000000000007 /* MacPasteController.swift */ = {isa = PBXFileReference; lastKnownFileType = sourcecode.swift; path = MacPasteController.swift; sourceTree = "<group>"; };
		D20000000000000000000008 /* MacReliabilityStore.swift */ = {isa = PBXFileReference; lastKnownFileType = sourcecode.swift; path = MacReliabilityStore.swift; sourceTree = "<group>"; };
		D20000000000000000000009 /* MacStatusHUD.swift */ = {isa = PBXFileReference; lastKnownFileType = sourcecode.swift; path = MacStatusHUD.swift; sourceTree = "<group>"; };
		D20000000000000000000051 /* MacCommandGesture.swift */ = {isa = PBXFileReference; lastKnownFileType = sourcecode.swift; path = MacCommandGesture.swift; sourceTree = "<group>"; };
		D20000000000000000000052 /* MacInputMode.swift */ = {isa = PBXFileReference; lastKnownFileType = sourcecode.swift; path = MacInputMode.swift; sourceTree = "<group>"; };
		D2000000000000000000000F /* SpeakPaste.app */ = {isa = PBXFileReference; explicitFileType = wrapper.application; includeInIndex = 0; path = SpeakPaste.app; sourceTree = BUILT_PRODUCTS_DIR; };
		E20000000000000000000001 /* DictationActivityAttributes.swift */ = {isa = PBXFileReference; lastKnownFileType = sourcecode.swift; path = DictationActivityAttributes.swift; sourceTree = "<group>"; };
		E20000000000000000000002 /* DictationLiveActivity.swift */ = {isa = PBXFileReference; lastKnownFileType = sourcecode.swift; path = DictationLiveActivity.swift; sourceTree = "<group>"; };
		E20000000000000000000003 /* SpeakPasteLiveActivityWidget.swift */ = {isa = PBXFileReference; lastKnownFileType = sourcecode.swift; path = SpeakPasteLiveActivityWidget.swift; sourceTree = "<group>"; };
		E20000000000000000000004 /* Info.plist */ = {isa = PBXFileReference; lastKnownFileType = text.plist.xml; path = Info.plist; sourceTree = "<group>"; };
		E20000000000000000000005 /* SpeakPasteLiveActivity.appex */ = {isa = PBXFileReference; explicitFileType = "wrapper.app-extension"; includeInIndex = 0; path = SpeakPasteLiveActivity.appex; sourceTree = BUILT_PRODUCTS_DIR; };
/* End PBXFileReference section */

/* Begin PBXFrameworksBuildPhase section */
		A40000000000000000000001 /* Frameworks */ = {isa = PBXFrameworksBuildPhase; buildActionMask = 2147483647; files = ( ); runOnlyForDeploymentPostprocessing = 0; };
		A40000000000000000000002 /* Frameworks */ = {isa = PBXFrameworksBuildPhase; buildActionMask = 2147483647; files = (A1000000000000000000000E /* XCTest.framework in Frameworks */, ); runOnlyForDeploymentPostprocessing = 0; };
		C40000000000000000000002 /* Frameworks */ = {isa = PBXFrameworksBuildPhase; buildActionMask = 2147483647; files = ( ); runOnlyForDeploymentPostprocessing = 0; };
		D40000000000000000000001 /* Frameworks */ = {isa = PBXFrameworksBuildPhase; buildActionMask = 2147483647; files = ( ); runOnlyForDeploymentPostprocessing = 0; };
		E40000000000000000000001 /* Frameworks */ = {isa = PBXFrameworksBuildPhase; buildActionMask = 2147483647; files = ( ); runOnlyForDeploymentPostprocessing = 0; };
/* End PBXFrameworksBuildPhase section */

/* Begin PBXGroup section */
		A50000000000000000000001 = {
			isa = PBXGroup;
			children = (
				F20000000000000000000004 /* THIRD_PARTY_NOTICES.md */,
				A50000000000000000000002 /* SpeakPaste */,
				D50000000000000000000001 /* SpeakPasteMac */,
				A50000000000000000000003 /* SpeakPasteTests */,
				C50000000000000000000001 /* SpeakPasteKeyboard */,
				E50000000000000000000001 /* SpeakPasteLiveActivity */,
				A50000000000000000000004 /* Frameworks */,
				A50000000000000000000005 /* Products */,
			);
			sourceTree = "<group>";
		};
		A50000000000000000000002 /* SpeakPaste */ = {
			isa = PBXGroup;
			children = (
				A20000000000000000000001 /* SpeakPasteApp.swift */,
				A20000000000000000000008 /* ContentView.swift */,
				A20000000000000000000009 /* SettingsView.swift */,
				A2000000000000000000000A /* HistoryView.swift */,
				A20000000000000000000090 /* DictationEngine.swift */,
				A20000000000000000000091 /* DictationIntents.swift */,
				E20000000000000000000001 /* DictationActivityAttributes.swift */,
				E20000000000000000000002 /* DictationLiveActivity.swift */,
				A20000000000000000000007 /* AppModel.swift */,
				C20000000000000000000001 /* SharedDictation.swift */,
				C20000000000000000000002 /* HostAppSwitcher.swift */,
				A20000000000000000000004 /* AudioRecorder.swift */,
				A20000000000000000000003 /* ElevenLabsClient.swift */,
				A20000000000000000000006 /* HistoryStore.swift */,
				A20000000000000000000005 /* KeychainStore.swift */,
				A20000000000000000000002 /* TranscriptionModels.swift */,
				A2000000000000000000000B /* Assets.xcassets */,
				A2000000000000000000000E /* Info.plist */,
				C20000000000000000000009 /* SpeakPaste.entitlements */,
			);
			path = SpeakPaste;
			sourceTree = "<group>";
		};
		A50000000000000000000003 /* SpeakPasteTests */ = {
			isa = PBXGroup;
			children = (A2000000000000000000000C, A2000000000000000000000D, A20000000000000000000092, C2000000000000000000000B, );
			path = SpeakPasteTests;
			sourceTree = "<group>";
		};
		A50000000000000000000004 /* Frameworks */ = {isa = PBXGroup; children = (A20000000000000000000010, ); name = Frameworks; sourceTree = "<group>"; };
		A50000000000000000000005 /* Products */ = {isa = PBXGroup; children = (A2000000000000000000000F, D2000000000000000000000F, C2000000000000000000000A, E20000000000000000000005, A20000000000000000000011, ); name = Products; sourceTree = "<group>"; };
		C50000000000000000000001 /* SpeakPasteKeyboard */ = {
			isa = PBXGroup;
			children = (
				C20000000000000000000006 /* KeyboardView.swift */,
				C20000000000000000000003 /* KeyboardViewController.swift */,
				C20000000000000000000004 /* KeyboardModel.swift */,
				C20000000000000000000005 /* HostApplicationResolver.swift */,
				F20000000000000000000001 /* HostApplicationCapture.m */,
				F20000000000000000000002 /* HostApplicationCapture.h */,
				F20000000000000000000003 /* SpeakPasteKeyboard-Bridging-Header.h */,
				C20000000000000000000007 /* Info.plist */,
				C20000000000000000000008 /* SpeakPasteKeyboard.entitlements */,
			);
			path = SpeakPasteKeyboard;
			sourceTree = "<group>";
		};
		D50000000000000000000001 /* SpeakPasteMac */ = {
			isa = PBXGroup;
			children = (
				D20000000000000000000001 /* SpeakPasteMacApp.swift */,
				D20000000000000000000002 /* MacContentView.swift */,
				D20000000000000000000003 /* MacAppModel.swift */,
				D20000000000000000000004 /* MacAudioDevice.swift */,
				D20000000000000000000005 /* MacAudioRecorder.swift */,
				D20000000000000000000006 /* MacGlobalHotKey.swift */,
				D20000000000000000000051 /* MacCommandGesture.swift */,
				D20000000000000000000052 /* MacInputMode.swift */,
				D2000000000000000000000E /* MacDeliveryTarget.swift */,
				D20000000000000000000031 /* MacKeyboardLayout.swift */,
				D20000000000000000000040 /* MacVocabularyStore.swift */,
				D20000000000000000000041 /* MacHistoryStore.swift */,
				D20000000000000000000042 /* MacSoundEffects.swift */,
				D20000000000000000000043 /* MacPermissions.swift */,
				D20000000000000000000044 /* MacTranscriptPostProcessor.swift */,
				D20000000000000000000045 /* MacSettingsView.swift */,
				D20000000000000000000046 /* MacDeliveryPolicyStore.swift */,
				D20000000000000000000047 /* MacPendingTranscriptStore.swift */,
				D20000000000000000000048 /* MacDiagnostics.swift */,
				D20000000000000000000049 /* MacPendingAudioStore.swift */,
				D20000000000000000000050 /* MacPasteVerification.swift */,
				F20000000000000000000101 /* MacActiveCaptureRecovery.swift */,
				H20000000000000000000301 /* MacSingleInstanceLease.swift */,
				D20000000000000000000007 /* MacPasteController.swift */,
				D20000000000000000000008 /* MacReliabilityStore.swift */,
				D20000000000000000000009 /* MacStatusHUD.swift */,
			);
			path = SpeakPasteMac;
			sourceTree = "<group>";
		};
		E50000000000000000000001 /* SpeakPasteLiveActivity */ = {
			isa = PBXGroup;
			children = (
				E20000000000000000000003 /* SpeakPasteLiveActivityWidget.swift */,
				E20000000000000000000004 /* Info.plist */,
			);
			path = SpeakPasteLiveActivity;
			sourceTree = "<group>";
		};
/* End PBXGroup section */

/* Begin PBXNativeTarget section */
		A70000000000000000000001 /* SpeakPaste */ = {
			isa = PBXNativeTarget;
			buildConfigurationList = A80000000000000000000002;
			buildPhases = (A60000000000000000000001, A40000000000000000000001, A60000000000000000000002, C40000000000000000000001, );
			buildRules = ( );
			dependencies = (C30000000000000000000002, E30000000000000000000002, );
			name = SpeakPaste;
			productName = SpeakPaste;
			productReference = A2000000000000000000000F;
			productType = "com.apple.product-type.application";
		};
		A70000000000000000000002 /* SpeakPasteTests */ = {
			isa = PBXNativeTarget;
			buildConfigurationList = A80000000000000000000003;
			buildPhases = (A60000000000000000000003, A40000000000000000000002, );
			buildRules = ( );
			dependencies = (A30000000000000000000002, );
			name = SpeakPasteTests;
			productName = SpeakPasteTests;
			productReference = A20000000000000000000011;
			productType = "com.apple.product-type.bundle.unit-test";
		};
		C70000000000000000000001 /* SpeakPasteKeyboard */ = {
			isa = PBXNativeTarget;
			buildConfigurationList = C80000000000000000000001;
			buildPhases = (C60000000000000000000001, C40000000000000000000002, );
			buildRules = ( );
			dependencies = ( );
			name = SpeakPasteKeyboard;
			productName = SpeakPasteKeyboard;
			productReference = C2000000000000000000000A /* SpeakPasteKeyboard.appex */;
			productType = "com.apple.product-type.app-extension";
		};
		D70000000000000000000001 /* SpeakPasteMac */ = {
			isa = PBXNativeTarget;
			buildConfigurationList = D80000000000000000000001;
			buildPhases = (D60000000000000000000001, D40000000000000000000001, D60000000000000000000002, );
			buildRules = ( );
			dependencies = ( );
			name = SpeakPasteMac;
			productName = SpeakPaste;
			productReference = D2000000000000000000000F /* SpeakPaste.app */;
			productType = "com.apple.product-type.application";
		};
		E70000000000000000000001 /* SpeakPasteLiveActivity */ = {
			isa = PBXNativeTarget;
			buildConfigurationList = E80000000000000000000001;
			buildPhases = (E60000000000000000000001, E40000000000000000000001, E60000000000000000000002, );
			buildRules = ( );
			dependencies = ( );
			name = SpeakPasteLiveActivity;
			productName = SpeakPasteLiveActivity;
			productReference = E20000000000000000000005 /* SpeakPasteLiveActivity.appex */;
			productType = "com.apple.product-type.app-extension";
		};
/* End PBXNativeTarget section */

/* Begin PBXProject section */
		A90000000000000000000001 /* Project object */ = {
			isa = PBXProject;
			attributes = {
				BuildIndependentTargetsInParallel = 1;
				LastSwiftUpdateCheck = 2600;
				LastUpgradeCheck = 2600;
				TargetAttributes = {
					A70000000000000000000001 = {
						CreatedOnToolsVersion = 26.0;
						SystemCapabilities = {
							com.apple.ApplicationGroups.iOS = {enabled = 1; };
							com.apple.BackgroundModes = {enabled = 1; };
						};
					};
					A70000000000000000000002 = {CreatedOnToolsVersion = 26.0; TestTargetID = A70000000000000000000001; };
					C70000000000000000000001 = {
						CreatedOnToolsVersion = 26.0;
						SystemCapabilities = {
							com.apple.ApplicationGroups.iOS = {enabled = 1; };
						};
					};
					D70000000000000000000001 = {CreatedOnToolsVersion = 26.0; };
					E70000000000000000000001 = {CreatedOnToolsVersion = 26.0; };
				};
			};
			buildConfigurationList = A80000000000000000000001;
			compatibilityVersion = "Xcode 16.0";
			developmentRegion = en;
			hasScannedForEncodings = 0;
			knownRegions = (en, Base, );
			mainGroup = A50000000000000000000001;
			preferredProjectObjectVersion = 77;
			productRefGroup = A50000000000000000000005;
			projectDirPath = "";
			projectRoot = "";
			targets = (A70000000000000000000001, D70000000000000000000001, C70000000000000000000001, E70000000000000000000001, A70000000000000000000002, );
		};
/* End PBXProject section */

/* Begin PBXResourcesBuildPhase section */
		A60000000000000000000002 /* Resources */ = {isa = PBXResourcesBuildPhase; buildActionMask = 2147483647; files = (A1000000000000000000000B, ); runOnlyForDeploymentPostprocessing = 0; };
		D60000000000000000000002 /* Resources */ = {isa = PBXResourcesBuildPhase; buildActionMask = 2147483647; files = (D1000000000000000000000C, ); runOnlyForDeploymentPostprocessing = 0; };
		E60000000000000000000002 /* Resources */ = {isa = PBXResourcesBuildPhase; buildActionMask = 2147483647; files = ( ); runOnlyForDeploymentPostprocessing = 0; };
/* End PBXResourcesBuildPhase section */

/* Begin PBXSourcesBuildPhase section */
		A60000000000000000000001 /* Sources */ = {
			isa = PBXSourcesBuildPhase;
			buildActionMask = 2147483647;
			files = (A10000000000000000000001, A10000000000000000000002, A10000000000000000000003, A10000000000000000000004, A10000000000000000000005, A10000000000000000000006, A10000000000000000000007, E10000000000000000000001, E10000000000000000000002, A10000000000000000000090, A10000000000000000000091, C10000000000000000000001, C10000000000000000000002, A10000000000000000000008, A10000000000000000000009, A1000000000000000000000A, );
			runOnlyForDeploymentPostprocessing = 0;
		};
		A60000000000000000000003 /* Sources */ = {isa = PBXSourcesBuildPhase; buildActionMask = 2147483647; files = (A1000000000000000000000C, A1000000000000000000000D, A10000000000000000000092, C1000000000000000000000B, ); runOnlyForDeploymentPostprocessing = 0; };
		C60000000000000000000001 /* Sources */ = {isa = PBXSourcesBuildPhase; buildActionMask = 2147483647; files = (C10000000000000000000003, C10000000000000000000004, C10000000000000000000005, F10000000000000000000001, C10000000000000000000006, C10000000000000000000007, ); runOnlyForDeploymentPostprocessing = 0; };
		D60000000000000000000001 /* Sources */ = {isa = PBXSourcesBuildPhase; buildActionMask = 2147483647; files = (D10000000000000000000001, D10000000000000000000002, D10000000000000000000003, D10000000000000000000004, D10000000000000000000005, D10000000000000000000006, D10000000000000000000051, D10000000000000000000052, D10000000000000000000007, D1000000000000000000000E, D1000000000000000000000F, D10000000000000000000040, D10000000000000000000041, D10000000000000000000042, D10000000000000000000043, D10000000000000000000044, D10000000000000000000045, D10000000000000000000046, D10000000000000000000047, D10000000000000000000048, D10000000000000000000049, D10000000000000000000050, F10000000000000000000101, H10000000000000000000301, D10000000000000000000008, D10000000000000000000009, D1000000000000000000000A, D1000000000000000000000B, D1000000000000000000000D, ); runOnlyForDeploymentPostprocessing = 0; };
		E60000000000000000000001 /* Sources */ = {isa = PBXSourcesBuildPhase; buildActionMask = 2147483647; files = (E10000000000000000000003, E10000000000000000000004, ); runOnlyForDeploymentPostprocessing = 0; };
/* End PBXSourcesBuildPhase section */

/* Begin PBXTargetDependency section */
		A30000000000000000000002 /* PBXTargetDependency */ = {isa = PBXTargetDependency; target = A70000000000000000000001 /* SpeakPaste */; targetProxy = A30000000000000000000001 /* PBXContainerItemProxy */; };
		C30000000000000000000002 /* PBXTargetDependency */ = {isa = PBXTargetDependency; target = C70000000000000000000001 /* SpeakPasteKeyboard */; targetProxy = C30000000000000000000001 /* PBXContainerItemProxy */; };
		E30000000000000000000002 /* PBXTargetDependency */ = {isa = PBXTargetDependency; target = E70000000000000000000001 /* SpeakPasteLiveActivity */; targetProxy = E30000000000000000000001 /* PBXContainerItemProxy */; };
/* End PBXTargetDependency section */

/* Begin XCBuildConfiguration section */
		B10000000000000000000001 /* Debug */ = {isa = XCBuildConfiguration; buildSettings = {ALWAYS_SEARCH_USER_PATHS = NO; CLANG_ENABLE_MODULES = YES; CLANG_ENABLE_OBJC_ARC = YES; CLANG_WARN_DOCUMENTATION_COMMENTS = YES; CLANG_WARN_QUOTED_INCLUDE_IN_FRAMEWORK_HEADER = YES; DEBUG_INFORMATION_FORMAT = dwarf; ENABLE_TESTABILITY = YES; GCC_C_LANGUAGE_STANDARD = gnu17; GCC_NO_COMMON_BLOCKS = YES; GCC_OPTIMIZATION_LEVEL = 0; GCC_PREPROCESSOR_DEFINITIONS = ("DEBUG=1", "$(inherited)", ); IPHONEOS_DEPLOYMENT_TARGET = 17.0; MTL_ENABLE_DEBUG_INFO = INCLUDE_SOURCE; ONLY_ACTIVE_ARCH = YES; SDKROOT = iphoneos; SWIFT_ACTIVE_COMPILATION_CONDITIONS = "DEBUG $(inherited)"; SWIFT_OPTIMIZATION_LEVEL = "-Onone"; }; name = Debug; };
		B10000000000000000000002 /* Release */ = {isa = XCBuildConfiguration; buildSettings = {ALWAYS_SEARCH_USER_PATHS = NO; CLANG_ENABLE_MODULES = YES; CLANG_ENABLE_OBJC_ARC = YES; CLANG_WARN_DOCUMENTATION_COMMENTS = YES; COPY_PHASE_STRIP = NO; DEBUG_INFORMATION_FORMAT = "dwarf-with-dsym"; ENABLE_NS_ASSERTIONS = NO; GCC_C_LANGUAGE_STANDARD = gnu17; GCC_NO_COMMON_BLOCKS = YES; IPHONEOS_DEPLOYMENT_TARGET = 17.0; MTL_ENABLE_DEBUG_INFO = NO; SDKROOT = iphoneos; SWIFT_COMPILATION_MODE = wholemodule; VALIDATE_PRODUCT = YES; }; name = Release; };
		B10000000000000000000003 /* Debug */ = {isa = XCBuildConfiguration; buildSettings = {ASSETCATALOG_COMPILER_APPICON_NAME = AppIcon; ASSETCATALOG_COMPILER_GLOBAL_ACCENT_COLOR_NAME = AccentColor; CODE_SIGN_ENTITLEMENTS = SpeakPaste/SpeakPaste.entitlements; CODE_SIGN_STYLE = Automatic; CURRENT_PROJECT_VERSION = 1; DEVELOPMENT_TEAM = ""; GENERATE_INFOPLIST_FILE = NO; INFOPLIST_FILE = SpeakPaste/Info.plist; IPHONEOS_DEPLOYMENT_TARGET = 17.0; MARKETING_VERSION = 1.0; PRODUCT_BUNDLE_IDENTIFIER = com.example.SpeakPaste; PRODUCT_NAME = "$(TARGET_NAME)"; SUPPORTED_PLATFORMS = "iphoneos iphonesimulator"; SUPPORTS_MACCATALYST = NO; SWIFT_EMIT_LOC_STRINGS = YES; SWIFT_VERSION = 6.0; TARGETED_DEVICE_FAMILY = 1; }; name = Debug; };
		B10000000000000000000004 /* Release */ = {isa = XCBuildConfiguration; buildSettings = {ASSETCATALOG_COMPILER_APPICON_NAME = AppIcon; ASSETCATALOG_COMPILER_GLOBAL_ACCENT_COLOR_NAME = AccentColor; CODE_SIGN_ENTITLEMENTS = SpeakPaste/SpeakPaste.entitlements; CODE_SIGN_STYLE = Automatic; CURRENT_PROJECT_VERSION = 1; DEVELOPMENT_TEAM = ""; GENERATE_INFOPLIST_FILE = NO; INFOPLIST_FILE = SpeakPaste/Info.plist; IPHONEOS_DEPLOYMENT_TARGET = 17.0; MARKETING_VERSION = 1.0; PRODUCT_BUNDLE_IDENTIFIER = com.example.SpeakPaste; PRODUCT_NAME = "$(TARGET_NAME)"; SUPPORTED_PLATFORMS = "iphoneos iphonesimulator"; SUPPORTS_MACCATALYST = NO; SWIFT_EMIT_LOC_STRINGS = YES; SWIFT_VERSION = 6.0; TARGETED_DEVICE_FAMILY = 1; }; name = Release; };
		B10000000000000000000005 /* Debug */ = {isa = XCBuildConfiguration; buildSettings = {BUNDLE_LOADER = "$(TEST_HOST)"; CODE_SIGN_STYLE = Automatic; GENERATE_INFOPLIST_FILE = YES; IPHONEOS_DEPLOYMENT_TARGET = 17.0; PRODUCT_BUNDLE_IDENTIFIER = com.example.SpeakPasteTests; PRODUCT_NAME = "$(TARGET_NAME)"; SWIFT_VERSION = 6.0; TARGETED_DEVICE_FAMILY = 1; TEST_HOST = "$(BUILT_PRODUCTS_DIR)/SpeakPaste.app/$(BUNDLE_EXECUTABLE_FOLDER_PATH)/SpeakPaste"; TEST_TARGET_NAME = SpeakPaste; }; name = Debug; };
		B10000000000000000000006 /* Release */ = {isa = XCBuildConfiguration; buildSettings = {BUNDLE_LOADER = "$(TEST_HOST)"; CODE_SIGN_STYLE = Automatic; GENERATE_INFOPLIST_FILE = YES; IPHONEOS_DEPLOYMENT_TARGET = 17.0; PRODUCT_BUNDLE_IDENTIFIER = com.example.SpeakPasteTests; PRODUCT_NAME = "$(TARGET_NAME)"; SWIFT_VERSION = 6.0; TARGETED_DEVICE_FAMILY = 1; TEST_HOST = "$(BUILT_PRODUCTS_DIR)/SpeakPaste.app/$(BUNDLE_EXECUTABLE_FOLDER_PATH)/SpeakPaste"; TEST_TARGET_NAME = SpeakPaste; }; name = Release; };
		C10000000000000000000009 /* Debug */ = {isa = XCBuildConfiguration; buildSettings = {APPLICATION_EXTENSION_API_ONLY = YES; CODE_SIGN_ENTITLEMENTS = SpeakPasteKeyboard/SpeakPasteKeyboard.entitlements; CODE_SIGN_STYLE = Automatic; CURRENT_PROJECT_VERSION = 1; DEVELOPMENT_TEAM = ""; GENERATE_INFOPLIST_FILE = NO; INFOPLIST_FILE = SpeakPasteKeyboard/Info.plist; IPHONEOS_DEPLOYMENT_TARGET = 17.0; LD_RUNPATH_SEARCH_PATHS = "$(inherited) @executable_path/Frameworks @executable_path/../../Frameworks"; MARKETING_VERSION = 1.0; PRODUCT_BUNDLE_IDENTIFIER = com.example.SpeakPaste.Keyboard; PRODUCT_NAME = "$(TARGET_NAME)"; SKIP_INSTALL = YES; SWIFT_EMIT_LOC_STRINGS = YES; SWIFT_OBJC_BRIDGING_HEADER = "SpeakPasteKeyboard/SpeakPasteKeyboard-Bridging-Header.h"; SWIFT_VERSION = 6.0; TARGETED_DEVICE_FAMILY = 1; }; name = Debug; };
		C1000000000000000000000A /* Release */ = {isa = XCBuildConfiguration; buildSettings = {APPLICATION_EXTENSION_API_ONLY = YES; CODE_SIGN_ENTITLEMENTS = SpeakPasteKeyboard/SpeakPasteKeyboard.entitlements; CODE_SIGN_STYLE = Automatic; CURRENT_PROJECT_VERSION = 1; DEVELOPMENT_TEAM = ""; GENERATE_INFOPLIST_FILE = NO; INFOPLIST_FILE = SpeakPasteKeyboard/Info.plist; IPHONEOS_DEPLOYMENT_TARGET = 17.0; LD_RUNPATH_SEARCH_PATHS = "$(inherited) @executable_path/Frameworks @executable_path/../../Frameworks"; MARKETING_VERSION = 1.0; PRODUCT_BUNDLE_IDENTIFIER = com.example.SpeakPaste.Keyboard; PRODUCT_NAME = "$(TARGET_NAME)"; SKIP_INSTALL = YES; SWIFT_EMIT_LOC_STRINGS = YES; SWIFT_OBJC_BRIDGING_HEADER = "SpeakPasteKeyboard/SpeakPasteKeyboard-Bridging-Header.h"; SWIFT_VERSION = 6.0; TARGETED_DEVICE_FAMILY = 1; }; name = Release; };
		D90000000000000000000001 /* Debug */ = {isa = XCBuildConfiguration; buildSettings = {ASSETCATALOG_COMPILER_APPICON_NAME = AppIcon; ASSETCATALOG_COMPILER_GLOBAL_ACCENT_COLOR_NAME = AccentColor; CODE_SIGN_STYLE = Automatic; CURRENT_PROJECT_VERSION = 1; ENABLE_APP_SANDBOX = NO; ENABLE_HARDENED_RUNTIME = NO; GENERATE_INFOPLIST_FILE = YES; INFOPLIST_KEY_LSApplicationCategoryType = "public.app-category.productivity"; INFOPLIST_KEY_NSMicrophoneUsageDescription = "SpeakPaste records from the microphone you select so ElevenLabs can transcribe your speech."; LD_RUNPATH_SEARCH_PATHS = "$(inherited) @executable_path/../Frameworks"; MACOSX_DEPLOYMENT_TARGET = 14.0; MARKETING_VERSION = 1.0; PRODUCT_BUNDLE_IDENTIFIER = com.example.SpeakPasteMac; PRODUCT_NAME = SpeakPaste; SDKROOT = macosx; SWIFT_EMIT_LOC_STRINGS = YES; SWIFT_VERSION = 6.0; }; name = Debug; };
		D90000000000000000000002 /* Release */ = {isa = XCBuildConfiguration; buildSettings = {ASSETCATALOG_COMPILER_APPICON_NAME = AppIcon; ASSETCATALOG_COMPILER_GLOBAL_ACCENT_COLOR_NAME = AccentColor; CODE_SIGN_STYLE = Automatic; CURRENT_PROJECT_VERSION = 1; ENABLE_APP_SANDBOX = NO; ENABLE_HARDENED_RUNTIME = NO; GENERATE_INFOPLIST_FILE = YES; INFOPLIST_KEY_LSApplicationCategoryType = "public.app-category.productivity"; INFOPLIST_KEY_NSMicrophoneUsageDescription = "SpeakPaste records from the microphone you select so ElevenLabs can transcribe your speech."; LD_RUNPATH_SEARCH_PATHS = "$(inherited) @executable_path/../Frameworks"; MACOSX_DEPLOYMENT_TARGET = 14.0; MARKETING_VERSION = 1.0; PRODUCT_BUNDLE_IDENTIFIER = com.example.SpeakPasteMac; PRODUCT_NAME = SpeakPaste; SDKROOT = macosx; SWIFT_EMIT_LOC_STRINGS = YES; SWIFT_VERSION = 6.0; }; name = Release; };
		E90000000000000000000001 /* Debug */ = {isa = XCBuildConfiguration; buildSettings = {APPLICATION_EXTENSION_API_ONLY = YES; CODE_SIGN_STYLE = Automatic; CURRENT_PROJECT_VERSION = 1; DEVELOPMENT_TEAM = ""; GENERATE_INFOPLIST_FILE = NO; INFOPLIST_FILE = SpeakPasteLiveActivity/Info.plist; IPHONEOS_DEPLOYMENT_TARGET = 17.0; LD_RUNPATH_SEARCH_PATHS = "$(inherited) @executable_path/Frameworks @executable_path/../../Frameworks"; MARKETING_VERSION = 1.0; PRODUCT_BUNDLE_IDENTIFIER = com.example.SpeakPaste.LiveActivity; PRODUCT_NAME = "$(TARGET_NAME)"; SKIP_INSTALL = YES; SWIFT_EMIT_LOC_STRINGS = YES; SWIFT_VERSION = 6.0; TARGETED_DEVICE_FAMILY = 1; }; name = Debug; };
		E90000000000000000000002 /* Release */ = {isa = XCBuildConfiguration; buildSettings = {APPLICATION_EXTENSION_API_ONLY = YES; CODE_SIGN_STYLE = Automatic; CURRENT_PROJECT_VERSION = 1; DEVELOPMENT_TEAM = ""; GENERATE_INFOPLIST_FILE = NO; INFOPLIST_FILE = SpeakPasteLiveActivity/Info.plist; IPHONEOS_DEPLOYMENT_TARGET = 17.0; LD_RUNPATH_SEARCH_PATHS = "$(inherited) @executable_path/Frameworks @executable_path/../../Frameworks"; MARKETING_VERSION = 1.0; PRODUCT_BUNDLE_IDENTIFIER = com.example.SpeakPaste.LiveActivity; PRODUCT_NAME = "$(TARGET_NAME)"; SKIP_INSTALL = YES; SWIFT_EMIT_LOC_STRINGS = YES; SWIFT_VERSION = 6.0; TARGETED_DEVICE_FAMILY = 1; }; name = Release; };
/* End XCBuildConfiguration section */

/* Begin XCConfigurationList section */
		A80000000000000000000001 = {isa = XCConfigurationList; buildConfigurations = (B10000000000000000000001, B10000000000000000000002, ); defaultConfigurationIsVisible = 0; defaultConfigurationName = Release; };
		A80000000000000000000002 = {isa = XCConfigurationList; buildConfigurations = (B10000000000000000000003, B10000000000000000000004, ); defaultConfigurationIsVisible = 0; defaultConfigurationName = Release; };
		A80000000000000000000003 = {isa = XCConfigurationList; buildConfigurations = (B10000000000000000000005, B10000000000000000000006, ); defaultConfigurationIsVisible = 0; defaultConfigurationName = Release; };
		C80000000000000000000001 = {isa = XCConfigurationList; buildConfigurations = (C10000000000000000000009, C1000000000000000000000A, ); defaultConfigurationIsVisible = 0; defaultConfigurationName = Release; };
		D80000000000000000000001 = {isa = XCConfigurationList; buildConfigurations = (D90000000000000000000001, D90000000000000000000002, ); defaultConfigurationIsVisible = 0; defaultConfigurationName = Release; };
		E80000000000000000000001 = {isa = XCConfigurationList; buildConfigurations = (E90000000000000000000001, E90000000000000000000002, ); defaultConfigurationIsVisible = 0; defaultConfigurationName = Release; };
/* End XCConfigurationList section */
	};
	rootObject = A90000000000000000000001 /* Project object */;
}
